
Microsoft Visual Studio Solution File, Format Version 12.00
# Visual Studio Version 17
VisualStudioVersion = 17.5.33530.505
MinimumVisualStudioVersion = 10.0.40219.1
Project("{FAE04EC0-301F-11D3-BF4B-00C04F79EFBC}") = "ProductSearchEngine.Domain", "src\ProductSearchEngine.Domain\ProductSearchEngine.Domain.csproj", "{0ACDE062-4B2F-42BD-BE80-D9E1F781688B}"
EndProject
Project("{FAE04EC0-301F-11D3-BF4B-00C04F79EFBC}") = "ProductSearchEngine.WebUI", "src\ProductSearchEngine.WebUI\ProductSearchEngine.WebUI.csproj", "{5E3497C7-2216-4E64-8B65-18F68BDFDB2D}"
EndProject
Project("{FAE04EC0-301F-11D3-BF4B-00C04F79EFBC}") = "ProductSearchEngine.Services", "src\ProductSearchEngine.Services\ProductSearchEngine.Services.csproj", "{6F4AA9DE-CE2C-4EF3-95E8-6A62DC66416B}"
EndProject
Project("{FAE04EC0-301F-11D3-BF4B-00C04F79EFBC}") = "ProductSearchEngine.Infrastructure", "src\ProductSearchEngine.Infrastructure\ProductSearchEngine.Infrastructure.csproj", "{E6CC988D-3FF3-4C52-8259-DC857EFEC13E}"
EndProject
Project("{FAE04EC0-301F-11D3-BF4B-00C04F79EFBC}") = "ProductSearchEngine.CrossCutting", "src\ProductSearchEngine.CrossCutting\ProductSearchEngine.CrossCutting.csproj", "{457B4005-05A2-4965-A245-CEF32B53EF41}"
EndProject
Global
	GlobalSection(SolutionConfigurationPlatforms) = preSolution
		Debug|Any CPU = Debug|Any CPU
		Release|Any CPU = Release|Any CPU
	EndGlobalSection
	GlobalSection(ProjectConfigurationPlatforms) = postSolution
		{0ACDE062-4B2F-42BD-BE80-D9E1F781688B}.Debug|Any CPU.ActiveCfg = Debug|Any CPU
		{0ACDE062-4B2F-42BD-BE80-D9E1F781688B}.Debug|Any CPU.Build.0 = Debug|Any CPU
		{0ACDE062-4B2F-42BD-BE80-D9E1F781688B}.Release|Any CPU.ActiveCfg = Release|Any CPU
		{0ACDE062-4B2F-42BD-BE80-D9E1F781688B}.Release|Any CPU.Build.0 = Release|Any CPU
		{5E3497C7-2216-4E64-8B65-18F68BDFDB2D}.Debug|Any CPU.ActiveCfg = Debug|Any CPU
		{5E3497C7-2216-4E64-8B65-18F68BDFDB2D}.Debug|Any CPU.Build.0 = Debug|Any CPU
		{5E3497C7-2216-4E64-8B65-18F68BDFDB2D}.Release|Any CPU.ActiveCfg = Release|Any CPU
		{5E3497C7-2216-4E64-8B65-18F68BDFDB2D}.Release|Any CPU.Build.0 = Release|Any CPU
		{6F4AA9DE-CE2C-4EF3-95E8-6A62DC66416B}.Debug|Any CPU.ActiveCfg = Debug|Any CPU
		{6F4AA9DE-CE2C-4EF3-95E8-6A62DC66416B}.Debug|Any CPU.Build.0 = Debug|Any CPU
		{6F4AA9DE-CE2C-4EF3-95E8-6A62DC66416B}.Release|Any CPU.ActiveCfg = Release|Any CPU
		{6F4AA9DE-CE2C-4EF3-95E8-6A62DC66416B}.Release|Any CPU.Build.0 = Release|Any CPU
		{E6CC988D-3FF3-4C52-8259-DC857EFEC13E}.Debug|Any CPU.ActiveCfg = Debug|Any CPU
		{E6CC988D-3FF3-4C52-8259-DC857EFEC13E}.Debug|Any CPU.Build.0 = Debug|Any CPU
		{E6CC988D-3FF3-4C52-8259-DC857EFEC13E}.Release|Any CPU.ActiveCfg = Release|Any CPU
		{E6CC988D-3FF3-4C52-8259-DC857EFEC13E}.Release|Any CPU.Build.0 = Release|Any CPU
		{457B4005-05A2-4965-A245-CEF32B53EF41}.Debug|Any CPU.ActiveCfg = Debug|Any CPU
		{457B4005-05A2-4965-A245-CEF32B53EF41}.Debug|Any CPU.Build.0 = Debug|Any CPU
		{457B4005-05A2-4965-A245-CEF32B53EF41}.Release|Any CPU.ActiveCfg = Release|Any CPU
		{457B4005-05A2-4965-A245-CEF32B53EF41}.Release|Any CPU.Build.0 = Release|Any CPU
	EndGlobalSection
	GlobalSection(SolutionProperties) = preSolution
		HideSolutionNode = FALSE
	EndGlobalSection
	GlobalSection(ExtensibilityGlobals) = postSolution
		SolutionGuid = {9589D7EC-A844-4878-A620-980B7E12BFC1}
	EndGlobalSection
EndGlobal
